
Microsoft Visual Studio Solution File, Format Version 12.00
# Visual Studio Version 16
VisualStudioVersion = 16.0.29102.190
MinimumVisualStudioVersion = 10.0.40219.1
Project("{9A19103F-16F7-4668-BE54-9A1E7A4F7556}") = "Platform.Unsafe", "Platform.Unsafe\Platform.Unsafe.csproj", "{72078A81-859A-45A7-BD62-95866C8F1D21}"
EndProject
Project("{9A19103F-16F7-4668-BE54-9A1E7A4F7556}") = "Platform.Unsafe.Benchmarks", "Platform.Unsafe.Benchmarks\Platform.Unsafe.Benchmarks.csproj", "{3E5A8F32-9B36-4E3C-B043-A38675C9A47C}"
EndProject
Project("{9A19103F-16F7-4668-BE54-9A1E7A4F7556}") = "Platform.Unsafe.Tests", "Platform.Unsafe.Tests\Platform.Unsafe.Tests.csproj", "{75BEE714-A87F-402C-837E-F13B1B5D3ADA}"
EndProject
Global
	GlobalSection(SolutionConfigurationPlatforms) = preSolution
		Debug|Any CPU = Debug|Any CPU
		Release|Any CPU = Release|Any CPU
	EndGlobalSection
	GlobalSection(ProjectConfigurationPlatforms) = postSolution
		{72078A81-859A-45A7-BD62-95866C8F1D21}.Debug|Any CPU.ActiveCfg = Debug|Any CPU
		{72078A81-859A-45A7-BD62-95866C8F1D21}.Debug|Any CPU.Build.0 = Debug|Any CPU
		{72078A81-859A-45A7-BD62-95866C8F1D21}.Release|Any CPU.ActiveCfg = Release|Any CPU
		{72078A81-859A-45A7-BD62-95866C8F1D21}.Release|Any CPU.Build.0 = Release|Any CPU
		{3E5A8F32-9B36-4E3C-B043-A38675C9A47C}.Debug|Any CPU.ActiveCfg = Debug|Any CPU
		{3E5A8F32-9B36-4E3C-B043-A38675C9A47C}.Debug|Any CPU.Build.0 = Debug|Any CPU
		{3E5A8F32-9B36-4E3C-B043-A38675C9A47C}.Release|Any CPU.ActiveCfg = Release|Any CPU
		{3E5A8F32-9B36-4E3C-B043-A38675C9A47C}.Release|Any CPU.Build.0 = Release|Any CPU
		{75BEE714-A87F-402C-837E-F13B1B5D3ADA}.Debug|Any CPU.ActiveCfg = Debug|Any CPU
		{75BEE714-A87F-402C-837E-F13B1B5D3ADA}.Debug|Any CPU.Build.0 = Debug|Any CPU
		{75BEE714-A87F-402C-837E-F13B1B5D3ADA}.Release|Any CPU.ActiveCfg = Release|Any CPU
		{75BEE714-A87F-402C-837E-F13B1B5D3ADA}.Release|Any CPU.Build.0 = Release|Any CPU
	EndGlobalSection
	GlobalSection(SolutionProperties) = preSolution
		HideSolutionNode = FALSE
	EndGlobalSection
	GlobalSection(ExtensibilityGlobals) = postSolution
		SolutionGuid = {BB610A84-97C7-4B23-905B-6F228DA85656}
	EndGlobalSection
EndGlobal
